
Microsoft Visual Studio Solution File, Format Version 12.00
# Visual Studio Version 16
VisualStudioVersion = 16.0.32228.343
MinimumVisualStudioVersion = 10.0.40219.1
Project("{2150E333-8FDC-42A3-9474-1A3956D46DE8}") = "Document", "Document", "{07CADDCD-938E-4664-A8F6-04F1031C0BCE}"
EndProject
Project("{2150E333-8FDC-42A3-9474-1A3956D46DE8}") = "Source", "Source", "{E593954C-23A8-444D-99EE-31B7B59C62C9}"
EndProject
Project("{2150E333-8FDC-42A3-9474-1A3956D46DE8}") = "Test", "Test", "{3FA20054-D5C0-421B-82FB-85B8888B3938}"
EndProject
Project("{2150E333-8FDC-42A3-9474-1A3956D46DE8}") = "Core", "Core", "{A082E712-BE20-4FFF-B1EF-C342801B5FA3}"
EndProject
Project("{2150E333-8FDC-42A3-9474-1A3956D46DE8}") = "Infrastructure", "Infrastructure", "{FB701E81-7E7C-42F6-8815-1EB95F1EDB61}"
EndProject
Project("{2150E333-8FDC-42A3-9474-1A3956D46DE8}") = "Common", "Common", "{775C1499-B9D9-474A-B56F-5D383F28D805}"
EndProject
Project("{2150E333-8FDC-42A3-9474-1A3956D46DE8}") = "Presentation", "Presentation", "{8EA8C986-37B7-49A2-BE8E-222086874317}"
EndProject
Project("{FAE04EC0-301F-11D3-BF4B-00C04F79EFBC}") = "EStore.Domain", "EStore.Domain\EStore.Domain.csproj", "{623BBB8A-E933-4809-8365-5F5B719A69E2}"
EndProject
Project("{FAE04EC0-301F-11D3-BF4B-00C04F79EFBC}") = "EStore.Application", "EStore.Application\EStore.Application.csproj", "{BA13C29B-6A08-4161-A256-BE292E17007E}"
EndProject
Project("{FAE04EC0-301F-11D3-BF4B-00C04F79EFBC}") = "EStore.Infrastructure", "EStore.Infrastructure\EStore.Infrastructure.csproj", "{982BA2BC-B489-4212-8992-EFACF6606BE5}"
EndProject
Project("{FAE04EC0-301F-11D3-BF4B-00C04F79EFBC}") = "EStore.Persistence", "EStore.Persistence\EStore.Persistence.csproj", "{2BD4FFE4-454B-41C6-A9F0-E564CF056A3E}"
EndProject
Project("{FAE04EC0-301F-11D3-BF4B-00C04F79EFBC}") = "EStore.Common", "EStore.Common\EStore.Common.csproj", "{4A00135A-1AAB-4FFA-A48F-861447FE3E50}"
EndProject
Project("{FAE04EC0-301F-11D3-BF4B-00C04F79EFBC}") = "EndPoint.Site", "EndPoint.Site\EndPoint.Site.csproj", "{B739BE84-FAC4-4417-B4F0-38D3A004445A}"
EndProject
Global
	GlobalSection(SolutionConfigurationPlatforms) = preSolution
		Debug|Any CPU = Debug|Any CPU
		Release|Any CPU = Release|Any CPU
	EndGlobalSection
	GlobalSection(ProjectConfigurationPlatforms) = postSolution
		{623BBB8A-E933-4809-8365-5F5B719A69E2}.Debug|Any CPU.ActiveCfg = Debug|Any CPU
		{623BBB8A-E933-4809-8365-5F5B719A69E2}.Debug|Any CPU.Build.0 = Debug|Any CPU
		{623BBB8A-E933-4809-8365-5F5B719A69E2}.Release|Any CPU.ActiveCfg = Release|Any CPU
		{623BBB8A-E933-4809-8365-5F5B719A69E2}.Release|Any CPU.Build.0 = Release|Any CPU
		{BA13C29B-6A08-4161-A256-BE292E17007E}.Debug|Any CPU.ActiveCfg = Debug|Any CPU
		{BA13C29B-6A08-4161-A256-BE292E17007E}.Debug|Any CPU.Build.0 = Debug|Any CPU
		{BA13C29B-6A08-4161-A256-BE292E17007E}.Release|Any CPU.ActiveCfg = Release|Any CPU
		{BA13C29B-6A08-4161-A256-BE292E17007E}.Release|Any CPU.Build.0 = Release|Any CPU
		{982BA2BC-B489-4212-8992-EFACF6606BE5}.Debug|Any CPU.ActiveCfg = Debug|Any CPU
		{982BA2BC-B489-4212-8992-EFACF6606BE5}.Debug|Any CPU.Build.0 = Debug|Any CPU
		{982BA2BC-B489-4212-8992-EFACF6606BE5}.Release|Any CPU.ActiveCfg = Release|Any CPU
		{982BA2BC-B489-4212-8992-EFACF6606BE5}.Release|Any CPU.Build.0 = Release|Any CPU
		{2BD4FFE4-454B-41C6-A9F0-E564CF056A3E}.Debug|Any CPU.ActiveCfg = Debug|Any CPU
		{2BD4FFE4-454B-41C6-A9F0-E564CF056A3E}.Debug|Any CPU.Build.0 = Debug|Any CPU
		{2BD4FFE4-454B-41C6-A9F0-E564CF056A3E}.Release|Any CPU.ActiveCfg = Release|Any CPU
		{2BD4FFE4-454B-41C6-A9F0-E564CF056A3E}.Release|Any CPU.Build.0 = Release|Any CPU
		{4A00135A-1AAB-4FFA-A48F-861447FE3E50}.Debug|Any CPU.ActiveCfg = Debug|Any CPU
		{4A00135A-1AAB-4FFA-A48F-861447FE3E50}.Debug|Any CPU.Build.0 = Debug|Any CPU
		{4A00135A-1AAB-4FFA-A48F-861447FE3E50}.Release|Any CPU.ActiveCfg = Release|Any CPU
		{4A00135A-1AAB-4FFA-A48F-861447FE3E50}.Release|Any CPU.Build.0 = Release|Any CPU
		{B739BE84-FAC4-4417-B4F0-38D3A004445A}.Debug|Any CPU.ActiveCfg = Debug|Any CPU
		{B739BE84-FAC4-4417-B4F0-38D3A004445A}.Debug|Any CPU.Build.0 = Debug|Any CPU
		{B739BE84-FAC4-4417-B4F0-38D3A004445A}.Release|Any CPU.ActiveCfg = Release|Any CPU
		{B739BE84-FAC4-4417-B4F0-38D3A004445A}.Release|Any CPU.Build.0 = Release|Any CPU
	EndGlobalSection
	GlobalSection(SolutionProperties) = preSolution
		HideSolutionNode = FALSE
	EndGlobalSection
	GlobalSection(NestedProjects) = preSolution
		{A082E712-BE20-4FFF-B1EF-C342801B5FA3} = {E593954C-23A8-444D-99EE-31B7B59C62C9}
		{FB701E81-7E7C-42F6-8815-1EB95F1EDB61} = {E593954C-23A8-444D-99EE-31B7B59C62C9}
		{775C1499-B9D9-474A-B56F-5D383F28D805} = {E593954C-23A8-444D-99EE-31B7B59C62C9}
		{8EA8C986-37B7-49A2-BE8E-222086874317} = {E593954C-23A8-444D-99EE-31B7B59C62C9}
		{623BBB8A-E933-4809-8365-5F5B719A69E2} = {A082E712-BE20-4FFF-B1EF-C342801B5FA3}
		{BA13C29B-6A08-4161-A256-BE292E17007E} = {A082E712-BE20-4FFF-B1EF-C342801B5FA3}
		{982BA2BC-B489-4212-8992-EFACF6606BE5} = {FB701E81-7E7C-42F6-8815-1EB95F1EDB61}
		{2BD4FFE4-454B-41C6-A9F0-E564CF056A3E} = {FB701E81-7E7C-42F6-8815-1EB95F1EDB61}
		{4A00135A-1AAB-4FFA-A48F-861447FE3E50} = {775C1499-B9D9-474A-B56F-5D383F28D805}
		{B739BE84-FAC4-4417-B4F0-38D3A004445A} = {8EA8C986-37B7-49A2-BE8E-222086874317}
	EndGlobalSection
	GlobalSection(ExtensibilityGlobals) = postSolution
		SolutionGuid = {D2FDEE62-D545-4FE8-B4C3-555B32093659}
	EndGlobalSection
EndGlobal
